// !$*UTF8*$!
{
	archiveVersion = 1;
	classes = {
	};
	objectVersion = 46;
	objects = {

/* Begin PBXBuildFile section */
		DB2710DC1AC3812500AA0981 /* AppDelegate.swift in Sources */ = {isa = PBXBuildFile; fileRef = DB2710DB1AC3812500AA0981 /* AppDelegate.swift */; };
		DB2710DE1AC3812500AA0981 /* ViewController.swift in Sources */ = {isa = PBXBuildFile; fileRef = DB2710DD1AC3812500AA0981 /* ViewController.swift */; };
		DB2710E11AC3812500AA0981 /* Main.storyboard in Resources */ = {isa = PBXBuildFile; fileRef = DB2710DF1AC3812500AA0981 /* Main.storyboard */; };
		DB2710E31AC3812500AA0981 /* Images.xcassets in Resources */ = {isa = PBXBuildFile; fileRef = DB2710E21AC3812500AA0981 /* Images.xcassets */; };
		DB2710E61AC3812500AA0981 /* LaunchScreen.xib in Resources */ = {isa = PBXBuildFile; fileRef = DB2710E41AC3812500AA0981 /* LaunchScreen.xib */; };
		DB2710F21AC3812500AA0981 /* PostcardTests.swift in Sources */ = {isa = PBXBuildFile; fileRef = DB2710F11AC3812500AA0981 /* PostcardTests.swift */; };
/* End PBXBuildFile section */

/* Begin PBXContainerItemProxy section */
		DB2710EC1AC3812500AA0981 /* PBXContainerItemProxy */ = {
			isa = PBXContainerItemProxy;
			containerPortal = DB2710CE1AC3812500AA0981 /* Project object */;
			proxyType = 1;
			remoteGlobalIDString = DB2710D51AC3812500AA0981;
			remoteInfo = Postcard;
		};
/* End PBXContainerItemProxy section */

/* Begin PBXFileReference section */
		DB2710D61AC3812500AA0981 /* Postcard.app */ = {isa = PBXFileReference; explicitFileType = wrapper.application; includeInIndex = 0; path = Postcard.app; sourceTree = BUILT_PRODUCTS_DIR; };
		DB2710DA1AC3812500AA0981 /* Info.plist */ = {isa = PBXFileReference; lastKnownFileType = text.plist.xml; path = Info.plist; sourceTree = "<group>"; };
		DB2710DB1AC3812500AA0981 /* AppDelegate.swift */ = {isa = PBXFileReference; lastKnownFileType = sourcecode.swift; path = AppDelegate.swift; sourceTree = "<group>"; };
		DB2710DD1AC3812500AA0981 /* ViewController.swift */ = {isa = PBXFileReference; lastKnownFileType = sourcecode.swift; path = ViewController.swift; sourceTree = "<group>"; };
		DB2710E01AC3812500AA0981 /* Base */ = {isa = PBXFileReference; lastKnownFileType = file.storyboard; name = Base; path = Base.lproj/Main.storyboard; sourceTree = "<group>"; };
		DB2710E21AC3812500AA0981 /* Images.xcassets */ = {isa = PBXFileReference; lastKnownFileType = folder.assetcatalog; path = Images.xcassets; sourceTree = "<group>"; };
		DB2710E51AC3812500AA0981 /* Base */ = {isa = PBXFileReference; lastKnownFileType = file.xib; name = Base; path = Base.lproj/LaunchScreen.xib; sourceTree = "<group>"; };
		DB2710EB1AC3812500AA0981 /* PostcardTests.xctest */ = {isa = PBXFileReference; explicitFileType = wrapper.cfbundle; includeInIndex = 0; path = PostcardTests.xctest; sourceTree = BUILT_PRODUCTS_DIR; };
		DB2710F01AC3812500AA0981 /* Info.plist */ = {isa = PBXFileReference; lastKnownFileType = text.plist.xml; path = Info.plist; sourceTree = "<group>"; };
		DB2710F11AC3812500AA0981 /* PostcardTests.swift */ = {isa = PBXFileReference; lastKnownFileType = sourcecode.swift; path = PostcardTests.swift; sourceTree = "<group>"; };
/* End PBXFileReference section */

/* Begin PBXFrameworksBuildPhase section */
		DB2710D31AC3812500AA0981 /* Frameworks */ = {
			isa = PBXFrameworksBuildPhase;
			buildActionMask = 2147483647;
			files = (
			);
			runOnlyForDeploymentPostprocessing = 0;
		};
		DB2710E81AC3812500AA0981 /* Frameworks */ = {
			isa = PBXFrameworksBuildPhase;
			buildActionMask = 2147483647;
			files = (
			);
			runOnlyForDeploymentPostprocessing = 0;
		};
/* End PBXFrameworksBuildPhase section */

/* Begin PBXGroup section */
		DB2710CD1AC3812500AA0981 = {
			isa = PBXGroup;
			children = (
				DB2710D81AC3812500AA0981 /* Postcard */,
				DB2710EE1AC3812500AA0981 /* PostcardTests */,
				DB2710D71AC3812500AA0981 /* Products */,
			);
			sourceTree = "<group>";
		};
		DB2710D71AC3812500AA0981 /* Products */ = {
			isa = PBXGroup;
			children = (
				DB2710D61AC3812500AA0981 /* Postcard.app */,
				DB2710EB1AC3812500AA0981 /* PostcardTests.xctest */,
			);
			name = Products;
			sourceTree = "<group>";
		};
		DB2710D81AC3812500AA0981 /* Postcard */ = {
			isa = PBXGroup;
			children = (
				DB2710DB1AC3812500AA0981 /* AppDelegate.swift */,
				DB2710DD1AC3812500AA0981 /* ViewController.swift */,
				DB2710DF1AC3812500AA0981 /* Main.storyboard */,
				DB2710E21AC3812500AA0981 /* Images.xcassets */,
				DB2710E41AC3812500AA0981 /* LaunchScreen.xib */,
				DB2710D91AC3812500AA0981 /* Supporting Files */,
			);
			path = Postcard;
			sourceTree = "<group>";
		};
		DB2710D91AC3812500AA0981 /* Supporting Files */ = {
			isa = PBXGroup;
			children = (
				DB2710DA1AC3812500AA0981 /* Info.plist */,
			);
			name = "Supporting Files";
			sourceTree = "<group>";
		};
		DB2710EE1AC3812500AA0981 /* PostcardTests */ = {
			isa = PBXGroup;
			children = (
				DB2710F11AC3812500AA0981 /* PostcardTests.swift */,
				DB2710EF1AC3812500AA0981 /* Supporting Files */,
			);
			path = PostcardTests;
			sourceTree = "<group>";
		};
		DB2710EF1AC3812500AA0981 /* Supporting Files */ = {
			isa = PBXGroup;
			children = (
				DB2710F01AC3812500AA0981 /* Info.plist */,
			);
			name = "Supporting Files";
			sourceTree = "<group>";
		};
/* End PBXGroup section */

/* Begin PBXNativeTarget section */
		DB2710D51AC3812500AA0981 /* Postcard */ = {
			isa = PBXNativeTarget;
			buildConfigurationList = DB2710F51AC3812500AA0981 /* Build configuration list for PBXNativeTarget "Postcard" */;
			buildPhases = (
				DB2710D21AC3812500AA0981 /* Sources */,
				DB2710D31AC3812500AA0981 /* Frameworks */,
				DB2710D41AC3812500AA0981 /* Resources */,
			);
			buildRules = (
			);
			dependencies = (
			);
			name = Postcard;
			productName = Postcard;
			productReference = DB2710D61AC3812500AA0981 /* Postcard.app */;
			productType = "com.apple.product-type.application";
		};
		DB2710EA1AC3812500AA0981 /* PostcardTests */ = {
			isa = PBXNativeTarget;
			buildConfigurationList = DB2710F81AC3812500AA0981 /* Build configuration list for PBXNativeTarget "PostcardTests" */;
			buildPhases = (
				DB2710E71AC3812500AA0981 /* Sources */,
				DB2710E81AC3812500AA0981 /* Frameworks */,
				DB2710E91AC3812500AA0981 /* Resources */,
			);
			buildRules = (
			);
			dependencies = (
				DB2710ED1AC3812500AA0981 /* PBXTargetDependency */,
			);
			name = PostcardTests;
			productName = PostcardTests;
			productReference = DB2710EB1AC3812500AA0981 /* PostcardTests.xctest */;
			productType = "com.apple.product-type.bundle.unit-test";
		};
/* End PBXNativeTarget section */

/* Begin PBXProject section */
		DB2710CE1AC3812500AA0981 /* Project object */ = {
			isa = PBXProject;
			attributes = {
				LastUpgradeCheck = 0620;
				ORGANIZATIONNAME = "Aditya Kotte";
				TargetAttributes = {
					DB2710D51AC3812500AA0981 = {
						CreatedOnToolsVersion = 6.2;
					};
					DB2710EA1AC3812500AA0981 = {
						CreatedOnToolsVersion = 6.2;
						TestTargetID = DB2710D51AC3812500AA0981;
					};
				};
			};
			buildConfigurationList = DB2710D11AC3812500AA0981 /* Build configuration list for PBXProject "Postcard" */;
			compatibilityVersion = "Xcode 3.2";
			developmentRegion = English;
			hasScannedForEncodings = 0;
			knownRegions = (
				en,
				Base,
			);
			mainGroup = DB2710CD1AC3812500AA0981;
			productRefGroup = DB2710D71AC3812500AA0981 /* Products */;
			projectDirPath = "";
			projectRoot = "";
			targets = (
				DB2710D51AC3812500AA0981 /* Postcard */,
				DB2710EA1AC3812500AA0981 /* PostcardTests */,
			);
		};
/* End PBXProject section */

/* Begin PBXResourcesBuildPhase section */
		DB2710D41AC3812500AA0981 /* Resources */ = {
			isa = PBXResourcesBuildPhase;
			buildActionMask = 2147483647;
			files = (
				DB2710E11AC3812500AA0981 /* Main.storyboard in Resources */,
				DB2710E61AC3812500AA0981 /* LaunchScreen.xib in Resources */,
				DB2710E31AC3812500AA0981 /* Images.xcassets in Resources */,
			);
			runOnlyForDeploymentPostprocessing = 0;
		};
		DB2710E91AC3812500AA0981 /* Resources */ = {
			isa = PBXResourcesBuildPhase;
			buildActionMask = 2147483647;
			files = (
			);
			runOnlyForDeploymentPostprocessing = 0;
		};
/* End PBXResourcesBuildPhase section */

/* Begin PBXSourcesBuildPhase section */
		DB2710D21AC3812500AA0981 /* Sources */ = {
			isa = PBXSourcesBuildPhase;
			buildActionMask = 2147483647;
			files = (
				DB2710DE1AC3812500AA0981 /* ViewController.swift in Sources */,
				DB2710DC1AC3812500AA0981 /* AppDelegate.swift in Sources */,
			);
			runOnlyForDeploymentPostprocessing = 0;
		};
		DB2710E71AC3812500AA0981 /* Sources */ = {
			isa = PBXSourcesBuildPhase;
			buildActionMask = 2147483647;
			files = (
				DB2710F21AC3812500AA0981 /* PostcardTests.swift in Sources */,
			);
			runOnlyForDeploymentPostprocessing = 0;
		};
/* End PBXSourcesBuildPhase section */

/* Begin PBXTargetDependency section */
		DB2710ED1AC3812500AA0981 /* PBXTargetDependency */ = {
			isa = PBXTargetDependency;
			target = DB2710D51AC3812500AA0981 /* Postcard */;
			targetProxy = DB2710EC1AC3812500AA0981 /* PBXContainerItemProxy */;
		};
/* End PBXTargetDependency section */

/* Begin PBXVariantGroup section */
		DB2710DF1AC3812500AA0981 /* Main.storyboard */ = {
			isa = PBXVariantGroup;
			children = (
				DB2710E01AC3812500AA0981 /* Base */,
			);
			name = Main.storyboard;
			sourceTree = "<group>";
		};
		DB2710E41AC3812500AA0981 /* LaunchScreen.xib */ = {
			isa = PBXVariantGroup;
			children = (
				DB2710E51AC3812500AA0981 /* Base */,
			);
			name = LaunchScreen.xib;
			sourceTree = "<group>";
		};
/* End PBXVariantGroup section */

/* Begin XCBuildConfiguration section */
		DB2710F31AC3812500AA0981 /* Debug */ = {
			isa = XCBuildConfiguration;
			buildSettings = {
				ALWAYS_SEARCH_USER_PATHS = NO;
				CLANG_CXX_LANGUAGE_STANDARD = "gnu++0x";
				CLANG_CXX_LIBRARY = "libc++";
				CLANG_ENABLE_MODULES = YES;
				CLANG_ENABLE_OBJC_ARC = YES;
				CLANG_WARN_BOOL_CONVERSION = YES;
				CLANG_WARN_CONSTANT_CONVERSION = YES;
				CLANG_WARN_DIRECT_OBJC_ISA_USAGE = YES_ERROR;
				CLANG_WARN_EMPTY_BODY = YES;
				CLANG_WARN_ENUM_CONVERSION = YES;
				CLANG_WARN_INT_CONVERSION = YES;
				CLANG_WARN_OBJC_ROOT_CLASS = YES_ERROR;
				CLANG_WARN_UNREACHABLE_CODE = YES;
				CLANG_WARN__DUPLICATE_METHOD_MATCH = YES;
				"CODE_SIGN_IDENTITY[sdk=iphoneos*]" = "iPhone Developer";
				COPY_PHASE_STRIP = NO;
				ENABLE_STRICT_OBJC_MSGSEND = YES;
				GCC_C_LANGUAGE_STANDARD = gnu99;
				GCC_DYNAMIC_NO_PIC = NO;
				GCC_OPTIMIZATION_LEVEL = 0;
				GCC_PREPROCESSOR_DEFINITIONS = (
					"DEBUG=1",
					"$(inherited)",
				);
				GCC_SYMBOLS_PRIVATE_EXTERN = NO;
				GCC_WARN_64_TO_32_BIT_CONVERSION = YES;
				GCC_WARN_ABOUT_RETURN_TYPE = YES_ERROR;
				GCC_WARN_UNDECLARED_SELECTOR = YES;
				GCC_WARN_UNINITIALIZED_AUTOS = YES_AGGRESSIVE;
				GCC_WARN_UNUSED_FUNCTION = YES;
				GCC_WARN_UNUSED_VARIABLE = YES;
				IPHONEOS_DEPLOYMENT_TARGET = 8.2;
				MTL_ENABLE_DEBUG_INFO = YES;
				ONLY_ACTIVE_ARCH = YES;
				SDKROOT = iphoneos;
				SWIFT_OPTIMIZATION_LEVEL = "-Onone";
				TARGETED_DEVICE_FAMILY = "1,2";
			};
			name = Debug;
		};
		DB2710F41AC3812500AA0981 /* Release */ = {
			isa = XCBuildConfiguration;
			buildSettings = {
				ALWAYS_SEARCH_USER_PATHS = NO;
				CLANG_CXX_LANGUAGE_STANDARD = "gnu++0x";
				CLANG_CXX_LIBRARY = "libc++";
				CLANG_ENABLE_MODULES = YES;
				CLANG_ENABLE_OBJC_ARC = YES;
				CLANG_WARN_BOOL_CONVERSION = YES;
				CLANG_WARN_CONSTANT_CONVERSION = YES;
				CLANG_WARN_DIRECT_OBJC_ISA_USAGE = YES_ERROR;
				CLANG_WARN_EMPTY_BODY = YES;
				CLANG_WARN_ENUM_CONVERSION = YES;
				CLANG_WARN_INT_CONVERSION = YES;
				CLANG_WARN_OBJC_ROOT_CLASS = YES_ERROR;
				CLANG_WARN_UNREACHABLE_CODE = YES;
				CLANG_WARN__DUPLICATE_METHOD_MATCH = YES;
				"CODE_SIGN_IDENTITY[sdk=iphoneos*]" = "iPhone Developer";
				COPY_PHASE_STRIP = NO;
				ENABLE_NS_ASSERTIONS = NO;
				ENABLE_STRICT_OBJC_MSGSEND = YES;
				GCC_C_LANGUAGE_STANDARD = gnu99;
				GCC_WARN_64_TO_32_BIT_CONVERSION = YES;
				GCC_WARN_ABOUT_RETURN_TYPE = YES_ERROR;
				GCC_WARN_UNDECLARED_SELECTOR = YES;
				GCC_WARN_UNINITIALIZED_AUTOS = YES_AGGRESSIVE;
				GCC_WARN_UNUSED_FUNCTION = YES;
				GCC_WARN_UNUSED_VARIABLE = YES;
				IPHONEOS_DEPLOYMENT_TARGET = 8.2;
				MTL_ENABLE_DEBUG_INFO = NO;
				SDKROOT = iphoneos;
				TARGETED_DEVICE_FAMILY = "1,2";
				VALIDATE_PRODUCT = YES;
			};
			name = Release;
		};
		DB2710F61AC3812500AA0981 /* Debug */ = {
			isa = XCBuildConfiguration;
			buildSettings = {
				ASSETCATALOG_COMPILER_APPICON_NAME = AppIcon;
				INFOPLIST_FILE = Postcard/Info.plist;
				LD_RUNPATH_SEARCH_PATHS = "$(inherited) @executable_path/Frameworks";
				PRODUCT_NAME = "$(TARGET_NAME)";
			};
			name = Debug;
		};
		DB2710F71AC3812500AA0981 /* Release */ = {
			isa = XCBuildConfiguration;
			buildSettings = {
				ASSETCATALOG_COMPILER_APPICON_NAME = AppIcon;
				INFOPLIST_FILE = Postcard/Info.plist;
				LD_RUNPATH_SEARCH_PATHS = "$(inherited) @executable_path/Frameworks";
				PRODUCT_NAME = "$(TARGET_NAME)";
			};
			name = Release;
		};
		DB2710F91AC3812500AA0981 /* Debug */ = {
			isa = XCBuildConfiguration;
			buildSettings = {
				BUNDLE_LOADER = "$(TEST_HOST)";
				FRAMEWORK_SEARCH_PATHS = (
					"$(SDKROOT)/Developer/Library/Frameworks",
					"$(inherited)",
				);
				GCC_PREPROCESSOR_DEFINITIONS = (
					"DEBUG=1",
					"$(inherited)",
				);
				INFOPLIST_FILE = PostcardTests/Info.plist;
				LD_RUNPATH_SEARCH_PATHS = "$(inherited) @executable_path/Frameworks @loader_path/Frameworks";
				PRODUCT_NAME = "$(TARGET_NAME)";
				TEST_HOST = "$(BUILT_PRODUCTS_DIR)/Postcard.app/Postcard";
			};
			name = Debug;
		};
		DB2710FA1AC3812500AA0981 /* Release */ = {
			isa = XCBuildConfiguration;
			buildSettings = {
				BUNDLE_LOADER = "$(TEST_HOST)";
				FRAMEWORK_SEARCH_PATHS = (
					"$(SDKROOT)/Developer/Library/Frameworks",
					"$(inherited)",
				);
				INFOPLIST_FILE = PostcardTests/Info.plist;
				LD_RUNPATH_SEARCH_PATHS = "$(inherited) @executable_path/Frameworks @loader_path/Frameworks";
				PRODUCT_NAME = "$(TARGET_NAME)";
				TEST_HOST = "$(BUILT_PRODUCTS_DIR)/Postcard.app/Postcard";
			};
			name = Release;
		};
/* End XCBuildConfiguration section */

/* Begin XCConfigurationList section */
		DB2710D11AC3812500AA0981 /* Build configuration list for PBXProject "Postcard" */ = {
			isa = XCConfigurationList;
			buildConfigurations = (
				DB2710F31AC3812500AA0981 /* Debug */,
				DB2710F41AC3812500AA0981 /* Release */,
			);
			defaultConfigurationIsVisible = 0;
			defaultConfigurationName = Release;
		};
		DB2710F51AC3812500AA0981 /* Build configuration list for PBXNativeTarget "Postcard" */ = {
			isa = XCConfigurationList;
			buildConfigurations = (
				DB2710F61AC3812500AA0981 /* Debug */,
				DB2710F71AC3812500AA0981 /* Release */,
			);
			defaultConfigurationIsVisible = 0;
		};
		DB2710F81AC3812500AA0981 /* Build configuration list for PBXNativeTarget "PostcardTests" */ = {
			isa = XCConfigurationList;
			buildConfigurations = (
				DB2710F91AC3812500AA0981 /* Debug */,
				DB2710FA1AC3812500AA0981 /* Release */,
			);
			defaultConfigurationIsVisible = 0;
		};
/* End XCConfigurationList section */
	};
	rootObject = DB2710CE1AC3812500AA0981 /* Project object */;
}
